
Microsoft Visual Studio Solution File, Format Version 12.00
# Visual Studio 15
VisualStudioVersion = 15.0.27703.2000
MinimumVisualStudioVersion = 10.0.40219.1
Project("{FAE04EC0-301F-11D3-BF4B-00C04F79EFBC}") = "GolfCentra", "GolfCentra\GolfCentra.csproj", "{D293A52E-F5AD-463E-95B5-5E4D49613A38}"
EndProject
Project("{FAE04EC0-301F-11D3-BF4B-00C04F79EFBC}") = "GolfCentra.Tests", "GolfCentra.Tests\GolfCentra.Tests.csproj", "{AE75ED82-C0E2-475D-AC34-502EA40B1540}"
EndProject
Project("{FAE04EC0-301F-11D3-BF4B-00C04F79EFBC}") = "GolfCentra.Business", "GolfCentra.Business\GolfCentra.Business.csproj", "{9CB66186-25C6-4B04-AAB6-D645512D96B4}"
EndProject
Project("{FAE04EC0-301F-11D3-BF4B-00C04F79EFBC}") = "GolfCentra.Core", "GolfCentra.Core\GolfCentra.Core.csproj", "{BEA75E11-412A-46B3-BA9A-F89496A3EF08}"
EndProject
Project("{FAE04EC0-301F-11D3-BF4B-00C04F79EFBC}") = "GolfCentra.ViewModel", "GolfCentra.ViewModel\GolfCentra.ViewModel.csproj", "{2DF61467-9F3F-41FE-875B-8887B30FDAD2}"
EndProject
Global
	GlobalSection(SolutionConfigurationPlatforms) = preSolution
		Debug|Any CPU = Debug|Any CPU
		Release|Any CPU = Release|Any CPU
	EndGlobalSection
	GlobalSection(ProjectConfigurationPlatforms) = postSolution
		{D293A52E-F5AD-463E-95B5-5E4D49613A38}.Debug|Any CPU.ActiveCfg = Debug|Any CPU
		{D293A52E-F5AD-463E-95B5-5E4D49613A38}.Debug|Any CPU.Build.0 = Debug|Any CPU
		{D293A52E-F5AD-463E-95B5-5E4D49613A38}.Release|Any CPU.ActiveCfg = Release|Any CPU
		{D293A52E-F5AD-463E-95B5-5E4D49613A38}.Release|Any CPU.Build.0 = Release|Any CPU
		{AE75ED82-C0E2-475D-AC34-502EA40B1540}.Debug|Any CPU.ActiveCfg = Debug|Any CPU
		{AE75ED82-C0E2-475D-AC34-502EA40B1540}.Debug|Any CPU.Build.0 = Debug|Any CPU
		{AE75ED82-C0E2-475D-AC34-502EA40B1540}.Release|Any CPU.ActiveCfg = Release|Any CPU
		{AE75ED82-C0E2-475D-AC34-502EA40B1540}.Release|Any CPU.Build.0 = Release|Any CPU
		{9CB66186-25C6-4B04-AAB6-D645512D96B4}.Debug|Any CPU.ActiveCfg = Debug|Any CPU
		{9CB66186-25C6-4B04-AAB6-D645512D96B4}.Debug|Any CPU.Build.0 = Debug|Any CPU
		{9CB66186-25C6-4B04-AAB6-D645512D96B4}.Release|Any CPU.ActiveCfg = Release|Any CPU
		{9CB66186-25C6-4B04-AAB6-D645512D96B4}.Release|Any CPU.Build.0 = Release|Any CPU
		{BEA75E11-412A-46B3-BA9A-F89496A3EF08}.Debug|Any CPU.ActiveCfg = Debug|Any CPU
		{BEA75E11-412A-46B3-BA9A-F89496A3EF08}.Debug|Any CPU.Build.0 = Debug|Any CPU
		{BEA75E11-412A-46B3-BA9A-F89496A3EF08}.Release|Any CPU.ActiveCfg = Release|Any CPU
		{BEA75E11-412A-46B3-BA9A-F89496A3EF08}.Release|Any CPU.Build.0 = Release|Any CPU
		{2DF61467-9F3F-41FE-875B-8887B30FDAD2}.Debug|Any CPU.ActiveCfg = Debug|Any CPU
		{2DF61467-9F3F-41FE-875B-8887B30FDAD2}.Debug|Any CPU.Build.0 = Debug|Any CPU
		{2DF61467-9F3F-41FE-875B-8887B30FDAD2}.Release|Any CPU.ActiveCfg = Release|Any CPU
		{2DF61467-9F3F-41FE-875B-8887B30FDAD2}.Release|Any CPU.Build.0 = Release|Any CPU
	EndGlobalSection
	GlobalSection(SolutionProperties) = preSolution
		HideSolutionNode = FALSE
	EndGlobalSection
	GlobalSection(ExtensibilityGlobals) = postSolution
		SolutionGuid = {F2D63494-80E1-44D8-B5BF-C0A466896D0C}
	EndGlobalSection
EndGlobal
